
Microsoft Visual Studio Solution File, Format Version 12.00
# Visual Studio Version 16
VisualStudioVersion = 16.0.30611.23
MinimumVisualStudioVersion = 10.0.40219.1
Project("{FAE04EC0-301F-11D3-BF4B-00C04F79EFBC}") = "ExecuteExternalExeApp", "ExecuteExternalExeApp\ExecuteExternalExeApp.csproj", "{B80CED99-D1CD-4572-B981-966EB8C9A35E}"
EndProject
Global
	GlobalSection(SolutionConfigurationPlatforms) = preSolution
		Debug|Any CPU = Debug|Any CPU
		Release|Any CPU = Release|Any CPU
	EndGlobalSection
	GlobalSection(ProjectConfigurationPlatforms) = postSolution
		{B80CED99-D1CD-4572-B981-966EB8C9A35E}.Debug|Any CPU.ActiveCfg = Debug|Any CPU
		{B80CED99-D1CD-4572-B981-966EB8C9A35E}.Debug|Any CPU.Build.0 = Debug|Any CPU
		{B80CED99-D1CD-4572-B981-966EB8C9A35E}.Release|Any CPU.ActiveCfg = Release|Any CPU
		{B80CED99-D1CD-4572-B981-966EB8C9A35E}.Release|Any CPU.Build.0 = Release|Any CPU
	EndGlobalSection
	GlobalSection(SolutionProperties) = preSolution
		HideSolutionNode = FALSE
	EndGlobalSection
	GlobalSection(ExtensibilityGlobals) = postSolution
		SolutionGuid = {CC1D1169-9870-4835-9282-7BEF4BEC7311}
	EndGlobalSection
EndGlobal
